
Microsoft Visual Studio Solution File, Format Version 12.00
# Visual Studio 15
VisualStudioVersion = 15.0.27130.0
MinimumVisualStudioVersion = 10.0.40219.1
Project("{9A19103F-16F7-4668-BE54-9A1E7A4F7556}") = "QnApi", "QnApi\QnApi.csproj", "{E4DB456B-0C9A-47D9-93D0-245EC226FC58}"
EndProject
Project("{9A19103F-16F7-4668-BE54-9A1E7A4F7556}") = "QuickNAP", "QuickNAP\QuickNAP\QuickNAP.csproj", "{BF9D7EA0-15E9-4BA8-A71D-DC2E603DB1FA}"
EndProject
Project("{FAE04EC0-301F-11D3-BF4B-00C04F79EFBC}") = "QuickNAP.iOS", "QuickNAP\QuickNAP.iOS\QuickNAP.iOS.csproj", "{89566383-5E63-4890-9C20-0D5FBFA4B114}"
EndProject
Project("{FAE04EC0-301F-11D3-BF4B-00C04F79EFBC}") = "QuickNAP.Android", "QuickNAP\QuickNAP.Android\QuickNAP.Android.csproj", "{CCDD12FD-3D79-4A63-A0E8-F2344A28CDFC}"
EndProject
Global
	GlobalSection(SolutionConfigurationPlatforms) = preSolution
		Ad-Hoc|Any CPU = Ad-Hoc|Any CPU
		Ad-Hoc|ARM = Ad-Hoc|ARM
		Ad-Hoc|iPhone = Ad-Hoc|iPhone
		Ad-Hoc|iPhoneSimulator = Ad-Hoc|iPhoneSimulator
		Ad-Hoc|x64 = Ad-Hoc|x64
		Ad-Hoc|x86 = Ad-Hoc|x86
		AppStore|Any CPU = AppStore|Any CPU
		AppStore|ARM = AppStore|ARM
		AppStore|iPhone = AppStore|iPhone
		AppStore|iPhoneSimulator = AppStore|iPhoneSimulator
		AppStore|x64 = AppStore|x64
		AppStore|x86 = AppStore|x86
		Debug|Any CPU = Debug|Any CPU
		Debug|ARM = Debug|ARM
		Debug|iPhone = Debug|iPhone
		Debug|iPhoneSimulator = Debug|iPhoneSimulator
		Debug|x64 = Debug|x64
		Debug|x86 = Debug|x86
		Release|Any CPU = Release|Any CPU
		Release|ARM = Release|ARM
		Release|iPhone = Release|iPhone
		Release|iPhoneSimulator = Release|iPhoneSimulator
		Release|x64 = Release|x64
		Release|x86 = Release|x86
	EndGlobalSection
	GlobalSection(ProjectConfigurationPlatforms) = postSolution
		{E4DB456B-0C9A-47D9-93D0-245EC226FC58}.Ad-Hoc|Any CPU.ActiveCfg = Debug|Any CPU
		{E4DB456B-0C9A-47D9-93D0-245EC226FC58}.Ad-Hoc|Any CPU.Build.0 = Debug|Any CPU
		{E4DB456B-0C9A-47D9-93D0-245EC226FC58}.Ad-Hoc|ARM.ActiveCfg = Release|Any CPU
		{E4DB456B-0C9A-47D9-93D0-245EC226FC58}.Ad-Hoc|ARM.Build.0 = Release|Any CPU
		{E4DB456B-0C9A-47D9-93D0-245EC226FC58}.Ad-Hoc|iPhone.ActiveCfg = Debug|Any CPU
		{E4DB456B-0C9A-47D9-93D0-245EC226FC58}.Ad-Hoc|iPhone.Build.0 = Debug|Any CPU
		{E4DB456B-0C9A-47D9-93D0-245EC226FC58}.Ad-Hoc|iPhoneSimulator.ActiveCfg = Debug|Any CPU
		{E4DB456B-0C9A-47D9-93D0-245EC226FC58}.Ad-Hoc|iPhoneSimulator.Build.0 = Debug|Any CPU
		{E4DB456B-0C9A-47D9-93D0-245EC226FC58}.Ad-Hoc|x64.ActiveCfg = Release|Any CPU
		{E4DB456B-0C9A-47D9-93D0-245EC226FC58}.Ad-Hoc|x64.Build.0 = Release|Any CPU
		{E4DB456B-0C9A-47D9-93D0-245EC226FC58}.Ad-Hoc|x86.ActiveCfg = Release|Any CPU
		{E4DB456B-0C9A-47D9-93D0-245EC226FC58}.Ad-Hoc|x86.Build.0 = Release|Any CPU
		{E4DB456B-0C9A-47D9-93D0-245EC226FC58}.AppStore|Any CPU.ActiveCfg = Debug|Any CPU
		{E4DB456B-0C9A-47D9-93D0-245EC226FC58}.AppStore|Any CPU.Build.0 = Debug|Any CPU
		{E4DB456B-0C9A-47D9-93D0-245EC226FC58}.AppStore|ARM.ActiveCfg = Release|Any CPU
		{E4DB456B-0C9A-47D9-93D0-245EC226FC58}.AppStore|ARM.Build.0 = Release|Any CPU
		{E4DB456B-0C9A-47D9-93D0-245EC226FC58}.AppStore|iPhone.ActiveCfg = Debug|Any CPU
		{E4DB456B-0C9A-47D9-93D0-245EC226FC58}.AppStore|iPhone.Build.0 = Debug|Any CPU
		{E4DB456B-0C9A-47D9-93D0-245EC226FC58}.AppStore|iPhoneSimulator.ActiveCfg = Debug|Any CPU
		{E4DB456B-0C9A-47D9-93D0-245EC226FC58}.AppStore|iPhoneSimulator.Build.0 = Debug|Any CPU
		{E4DB456B-0C9A-47D9-93D0-245EC226FC58}.AppStore|x64.ActiveCfg = Release|Any CPU
		{E4DB456B-0C9A-47D9-93D0-245EC226FC58}.AppStore|x64.Build.0 = Release|Any CPU
		{E4DB456B-0C9A-47D9-93D0-245EC226FC58}.AppStore|x86.ActiveCfg = Release|Any CPU
		{E4DB456B-0C9A-47D9-93D0-245EC226FC58}.AppStore|x86.Build.0 = Release|Any CPU
		{E4DB456B-0C9A-47D9-93D0-245EC226FC58}.Debug|Any CPU.ActiveCfg = Debug|Any CPU
		{E4DB456B-0C9A-47D9-93D0-245EC226FC58}.Debug|Any CPU.Build.0 = Debug|Any CPU
		{E4DB456B-0C9A-47D9-93D0-245EC226FC58}.Debug|ARM.ActiveCfg = Debug|Any CPU
		{E4DB456B-0C9A-47D9-93D0-245EC226FC58}.Debug|ARM.Build.0 = Debug|Any CPU
		{E4DB456B-0C9A-47D9-93D0-245EC226FC58}.Debug|iPhone.ActiveCfg = Debug|Any CPU
		{E4DB456B-0C9A-47D9-93D0-245EC226FC58}.Debug|iPhone.Build.0 = Debug|Any CPU
		{E4DB456B-0C9A-47D9-93D0-245EC226FC58}.Debug|iPhoneSimulator.ActiveCfg = Debug|Any CPU
		{E4DB456B-0C9A-47D9-93D0-245EC226FC58}.Debug|iPhoneSimulator.Build.0 = Debug|Any CPU
		{E4DB456B-0C9A-47D9-93D0-245EC226FC58}.Debug|x64.ActiveCfg = Debug|Any CPU
		{E4DB456B-0C9A-47D9-93D0-245EC226FC58}.Debug|x64.Build.0 = Debug|Any CPU
		{E4DB456B-0C9A-47D9-93D0-245EC226FC58}.Debug|x86.ActiveCfg = Debug|Any CPU
		{E4DB456B-0C9A-47D9-93D0-245EC226FC58}.Debug|x86.Build.0 = Debug|Any CPU
		{E4DB456B-0C9A-47D9-93D0-245EC226FC58}.Release|Any CPU.ActiveCfg = Release|Any CPU
		{E4DB456B-0C9A-47D9-93D0-245EC226FC58}.Release|Any CPU.Build.0 = Release|Any CPU
		{E4DB456B-0C9A-47D9-93D0-245EC226FC58}.Release|ARM.ActiveCfg = Release|Any CPU
		{E4DB456B-0C9A-47D9-93D0-245EC226FC58}.Release|ARM.Build.0 = Release|Any CPU
		{E4DB456B-0C9A-47D9-93D0-245EC226FC58}.Release|iPhone.ActiveCfg = Release|Any CPU
		{E4DB456B-0C9A-47D9-93D0-245EC226FC58}.Release|iPhone.Build.0 = Release|Any CPU
		{E4DB456B-0C9A-47D9-93D0-245EC226FC58}.Release|iPhoneSimulator.ActiveCfg = Release|Any CPU
		{E4DB456B-0C9A-47D9-93D0-245EC226FC58}.Release|iPhoneSimulator.Build.0 = Release|Any CPU
		{E4DB456B-0C9A-47D9-93D0-245EC226FC58}.Release|x64.ActiveCfg = Release|Any CPU
		{E4DB456B-0C9A-47D9-93D0-245EC226FC58}.Release|x64.Build.0 = Release|Any CPU
		{E4DB456B-0C9A-47D9-93D0-245EC226FC58}.Release|x86.ActiveCfg = Release|Any CPU
		{E4DB456B-0C9A-47D9-93D0-245EC226FC58}.Release|x86.Build.0 = Release|Any CPU
		{BF9D7EA0-15E9-4BA8-A71D-DC2E603DB1FA}.Ad-Hoc|Any CPU.ActiveCfg = Debug|Any CPU
		{BF9D7EA0-15E9-4BA8-A71D-DC2E603DB1FA}.Ad-Hoc|Any CPU.Build.0 = Debug|Any CPU
		{BF9D7EA0-15E9-4BA8-A71D-DC2E603DB1FA}.Ad-Hoc|ARM.ActiveCfg = Debug|Any CPU
		{BF9D7EA0-15E9-4BA8-A71D-DC2E603DB1FA}.Ad-Hoc|ARM.Build.0 = Debug|Any CPU
		{BF9D7EA0-15E9-4BA8-A71D-DC2E603DB1FA}.Ad-Hoc|iPhone.ActiveCfg = Debug|Any CPU
		{BF9D7EA0-15E9-4BA8-A71D-DC2E603DB1FA}.Ad-Hoc|iPhone.Build.0 = Debug|Any CPU
		{BF9D7EA0-15E9-4BA8-A71D-DC2E603DB1FA}.Ad-Hoc|iPhoneSimulator.ActiveCfg = Debug|Any CPU
		{BF9D7EA0-15E9-4BA8-A71D-DC2E603DB1FA}.Ad-Hoc|iPhoneSimulator.Build.0 = Debug|Any CPU
		{BF9D7EA0-15E9-4BA8-A71D-DC2E603DB1FA}.Ad-Hoc|x64.ActiveCfg = Debug|Any CPU
		{BF9D7EA0-15E9-4BA8-A71D-DC2E603DB1FA}.Ad-Hoc|x64.Build.0 = Debug|Any CPU
		{BF9D7EA0-15E9-4BA8-A71D-DC2E603DB1FA}.Ad-Hoc|x86.ActiveCfg = Debug|Any CPU
		{BF9D7EA0-15E9-4BA8-A71D-DC2E603DB1FA}.Ad-Hoc|x86.Build.0 = Debug|Any CPU
		{BF9D7EA0-15E9-4BA8-A71D-DC2E603DB1FA}.AppStore|Any CPU.ActiveCfg = Debug|Any CPU
		{BF9D7EA0-15E9-4BA8-A71D-DC2E603DB1FA}.AppStore|Any CPU.Build.0 = Debug|Any CPU
		{BF9D7EA0-15E9-4BA8-A71D-DC2E603DB1FA}.AppStore|ARM.ActiveCfg = Debug|Any CPU
		{BF9D7EA0-15E9-4BA8-A71D-DC2E603DB1FA}.AppStore|ARM.Build.0 = Debug|Any CPU
		{BF9D7EA0-15E9-4BA8-A71D-DC2E603DB1FA}.AppStore|iPhone.ActiveCfg = Debug|Any CPU
		{BF9D7EA0-15E9-4BA8-A71D-DC2E603DB1FA}.AppStore|iPhone.Build.0 = Debug|Any CPU
		{BF9D7EA0-15E9-4BA8-A71D-DC2E603DB1FA}.AppStore|iPhoneSimulator.ActiveCfg = Debug|Any CPU
		{BF9D7EA0-15E9-4BA8-A71D-DC2E603DB1FA}.AppStore|iPhoneSimulator.Build.0 = Debug|Any CPU
		{BF9D7EA0-15E9-4BA8-A71D-DC2E603DB1FA}.AppStore|x64.ActiveCfg = Debug|Any CPU
		{BF9D7EA0-15E9-4BA8-A71D-DC2E603DB1FA}.AppStore|x64.Build.0 = Debug|Any CPU
		{BF9D7EA0-15E9-4BA8-A71D-DC2E603DB1FA}.AppStore|x86.ActiveCfg = Debug|Any CPU
		{BF9D7EA0-15E9-4BA8-A71D-DC2E603DB1FA}.AppStore|x86.Build.0 = Debug|Any CPU
		{BF9D7EA0-15E9-4BA8-A71D-DC2E603DB1FA}.Debug|Any CPU.ActiveCfg = Debug|Any CPU
		{BF9D7EA0-15E9-4BA8-A71D-DC2E603DB1FA}.Debug|Any CPU.Build.0 = Debug|Any CPU
		{BF9D7EA0-15E9-4BA8-A71D-DC2E603DB1FA}.Debug|ARM.ActiveCfg = Debug|Any CPU
		{BF9D7EA0-15E9-4BA8-A71D-DC2E603DB1FA}.Debug|ARM.Build.0 = Debug|Any CPU
		{BF9D7EA0-15E9-4BA8-A71D-DC2E603DB1FA}.Debug|iPhone.ActiveCfg = Debug|Any CPU
		{BF9D7EA0-15E9-4BA8-A71D-DC2E603DB1FA}.Debug|iPhone.Build.0 = Debug|Any CPU
		{BF9D7EA0-15E9-4BA8-A71D-DC2E603DB1FA}.Debug|iPhoneSimulator.ActiveCfg = Debug|Any CPU
		{BF9D7EA0-15E9-4BA8-A71D-DC2E603DB1FA}.Debug|iPhoneSimulator.Build.0 = Debug|Any CPU
		{BF9D7EA0-15E9-4BA8-A71D-DC2E603DB1FA}.Debug|x64.ActiveCfg = Debug|Any CPU
		{BF9D7EA0-15E9-4BA8-A71D-DC2E603DB1FA}.Debug|x64.Build.0 = Debug|Any CPU
		{BF9D7EA0-15E9-4BA8-A71D-DC2E603DB1FA}.Debug|x86.ActiveCfg = Debug|Any CPU
		{BF9D7EA0-15E9-4BA8-A71D-DC2E603DB1FA}.Debug|x86.Build.0 = Debug|Any CPU
		{BF9D7EA0-15E9-4BA8-A71D-DC2E603DB1FA}.Release|Any CPU.ActiveCfg = Release|Any CPU
		{BF9D7EA0-15E9-4BA8-A71D-DC2E603DB1FA}.Release|Any CPU.Build.0 = Release|Any CPU
		{BF9D7EA0-15E9-4BA8-A71D-DC2E603DB1FA}.Release|ARM.ActiveCfg = Release|Any CPU
		{BF9D7EA0-15E9-4BA8-A71D-DC2E603DB1FA}.Release|ARM.Build.0 = Release|Any CPU
		{BF9D7EA0-15E9-4BA8-A71D-DC2E603DB1FA}.Release|iPhone.ActiveCfg = Release|Any CPU
		{BF9D7EA0-15E9-4BA8-A71D-DC2E603DB1FA}.Release|iPhone.Build.0 = Release|Any CPU
		{BF9D7EA0-15E9-4BA8-A71D-DC2E603DB1FA}.Release|iPhoneSimulator.ActiveCfg = Release|Any CPU
		{BF9D7EA0-15E9-4BA8-A71D-DC2E603DB1FA}.Release|iPhoneSimulator.Build.0 = Release|Any CPU
		{BF9D7EA0-15E9-4BA8-A71D-DC2E603DB1FA}.Release|x64.ActiveCfg = Release|Any CPU
		{BF9D7EA0-15E9-4BA8-A71D-DC2E603DB1FA}.Release|x64.Build.0 = Release|Any CPU
		{BF9D7EA0-15E9-4BA8-A71D-DC2E603DB1FA}.Release|x86.ActiveCfg = Release|Any CPU
		{BF9D7EA0-15E9-4BA8-A71D-DC2E603DB1FA}.Release|x86.Build.0 = Release|Any CPU
		{89566383-5E63-4890-9C20-0D5FBFA4B114}.Ad-Hoc|Any CPU.ActiveCfg = Ad-Hoc|iPhone
		{89566383-5E63-4890-9C20-0D5FBFA4B114}.Ad-Hoc|ARM.ActiveCfg = Ad-Hoc|iPhone
		{89566383-5E63-4890-9C20-0D5FBFA4B114}.Ad-Hoc|iPhone.ActiveCfg = Ad-Hoc|iPhone
		{89566383-5E63-4890-9C20-0D5FBFA4B114}.Ad-Hoc|iPhone.Build.0 = Ad-Hoc|iPhone
		{89566383-5E63-4890-9C20-0D5FBFA4B114}.Ad-Hoc|iPhoneSimulator.ActiveCfg = Ad-Hoc|iPhoneSimulator
		{89566383-5E63-4890-9C20-0D5FBFA4B114}.Ad-Hoc|iPhoneSimulator.Build.0 = Ad-Hoc|iPhoneSimulator
		{89566383-5E63-4890-9C20-0D5FBFA4B114}.Ad-Hoc|x64.ActiveCfg = Ad-Hoc|iPhone
		{89566383-5E63-4890-9C20-0D5FBFA4B114}.Ad-Hoc|x86.ActiveCfg = Ad-Hoc|iPhone
		{89566383-5E63-4890-9C20-0D5FBFA4B114}.AppStore|Any CPU.ActiveCfg = AppStore|iPhone
		{89566383-5E63-4890-9C20-0D5FBFA4B114}.AppStore|ARM.ActiveCfg = AppStore|iPhone
		{89566383-5E63-4890-9C20-0D5FBFA4B114}.AppStore|iPhone.ActiveCfg = AppStore|iPhone
		{89566383-5E63-4890-9C20-0D5FBFA4B114}.AppStore|iPhone.Build.0 = AppStore|iPhone
		{89566383-5E63-4890-9C20-0D5FBFA4B114}.AppStore|iPhoneSimulator.ActiveCfg = AppStore|iPhoneSimulator
		{89566383-5E63-4890-9C20-0D5FBFA4B114}.AppStore|iPhoneSimulator.Build.0 = AppStore|iPhoneSimulator
		{89566383-5E63-4890-9C20-0D5FBFA4B114}.AppStore|x64.ActiveCfg = AppStore|iPhone
		{89566383-5E63-4890-9C20-0D5FBFA4B114}.AppStore|x86.ActiveCfg = AppStore|iPhone
		{89566383-5E63-4890-9C20-0D5FBFA4B114}.Debug|Any CPU.ActiveCfg = Debug|iPhone
		{89566383-5E63-4890-9C20-0D5FBFA4B114}.Debug|ARM.ActiveCfg = Debug|iPhone
		{89566383-5E63-4890-9C20-0D5FBFA4B114}.Debug|iPhone.ActiveCfg = Debug|iPhone
		{89566383-5E63-4890-9C20-0D5FBFA4B114}.Debug|iPhone.Build.0 = Debug|iPhone
		{89566383-5E63-4890-9C20-0D5FBFA4B114}.Debug|iPhoneSimulator.ActiveCfg = Debug|iPhoneSimulator
		{89566383-5E63-4890-9C20-0D5FBFA4B114}.Debug|iPhoneSimulator.Build.0 = Debug|iPhoneSimulator
		{89566383-5E63-4890-9C20-0D5FBFA4B114}.Debug|x64.ActiveCfg = Debug|iPhone
		{89566383-5E63-4890-9C20-0D5FBFA4B114}.Debug|x86.ActiveCfg = Debug|iPhone
		{89566383-5E63-4890-9C20-0D5FBFA4B114}.Release|Any CPU.ActiveCfg = Release|iPhone
		{89566383-5E63-4890-9C20-0D5FBFA4B114}.Release|ARM.ActiveCfg = Release|iPhone
		{89566383-5E63-4890-9C20-0D5FBFA4B114}.Release|iPhone.ActiveCfg = Release|iPhone
		{89566383-5E63-4890-9C20-0D5FBFA4B114}.Release|iPhone.Build.0 = Release|iPhone
		{89566383-5E63-4890-9C20-0D5FBFA4B114}.Release|iPhoneSimulator.ActiveCfg = Release|iPhoneSimulator
		{89566383-5E63-4890-9C20-0D5FBFA4B114}.Release|iPhoneSimulator.Build.0 = Release|iPhoneSimulator
		{89566383-5E63-4890-9C20-0D5FBFA4B114}.Release|x64.ActiveCfg = Release|iPhone
		{89566383-5E63-4890-9C20-0D5FBFA4B114}.Release|x86.ActiveCfg = Release|iPhone
		{CCDD12FD-3D79-4A63-A0E8-F2344A28CDFC}.Ad-Hoc|Any CPU.ActiveCfg = Release|Any CPU
		{CCDD12FD-3D79-4A63-A0E8-F2344A28CDFC}.Ad-Hoc|Any CPU.Build.0 = Release|Any CPU
		{CCDD12FD-3D79-4A63-A0E8-F2344A28CDFC}.Ad-Hoc|Any CPU.Deploy.0 = Release|Any CPU
		{CCDD12FD-3D79-4A63-A0E8-F2344A28CDFC}.Ad-Hoc|ARM.ActiveCfg = Release|Any CPU
		{CCDD12FD-3D79-4A63-A0E8-F2344A28CDFC}.Ad-Hoc|ARM.Build.0 = Release|Any CPU
		{CCDD12FD-3D79-4A63-A0E8-F2344A28CDFC}.Ad-Hoc|ARM.Deploy.0 = Release|Any CPU
		{CCDD12FD-3D79-4A63-A0E8-F2344A28CDFC}.Ad-Hoc|iPhone.ActiveCfg = Release|Any CPU
		{CCDD12FD-3D79-4A63-A0E8-F2344A28CDFC}.Ad-Hoc|iPhone.Build.0 = Release|Any CPU
		{CCDD12FD-3D79-4A63-A0E8-F2344A28CDFC}.Ad-Hoc|iPhone.Deploy.0 = Release|Any CPU
		{CCDD12FD-3D79-4A63-A0E8-F2344A28CDFC}.Ad-Hoc|iPhoneSimulator.ActiveCfg = Release|Any CPU
		{CCDD12FD-3D79-4A63-A0E8-F2344A28CDFC}.Ad-Hoc|iPhoneSimulator.Build.0 = Release|Any CPU
		{CCDD12FD-3D79-4A63-A0E8-F2344A28CDFC}.Ad-Hoc|iPhoneSimulator.Deploy.0 = Release|Any CPU
		{CCDD12FD-3D79-4A63-A0E8-F2344A28CDFC}.Ad-Hoc|x64.ActiveCfg = Release|Any CPU
		{CCDD12FD-3D79-4A63-A0E8-F2344A28CDFC}.Ad-Hoc|x64.Build.0 = Release|Any CPU
		{CCDD12FD-3D79-4A63-A0E8-F2344A28CDFC}.Ad-Hoc|x64.Deploy.0 = Release|Any CPU
		{CCDD12FD-3D79-4A63-A0E8-F2344A28CDFC}.Ad-Hoc|x86.ActiveCfg = Release|Any CPU
		{CCDD12FD-3D79-4A63-A0E8-F2344A28CDFC}.Ad-Hoc|x86.Build.0 = Release|Any CPU
		{CCDD12FD-3D79-4A63-A0E8-F2344A28CDFC}.Ad-Hoc|x86.Deploy.0 = Release|Any CPU
		{CCDD12FD-3D79-4A63-A0E8-F2344A28CDFC}.AppStore|Any CPU.ActiveCfg = Release|Any CPU
		{CCDD12FD-3D79-4A63-A0E8-F2344A28CDFC}.AppStore|Any CPU.Build.0 = Release|Any CPU
		{CCDD12FD-3D79-4A63-A0E8-F2344A28CDFC}.AppStore|Any CPU.Deploy.0 = Release|Any CPU
		{CCDD12FD-3D79-4A63-A0E8-F2344A28CDFC}.AppStore|ARM.ActiveCfg = Release|Any CPU
		{CCDD12FD-3D79-4A63-A0E8-F2344A28CDFC}.AppStore|ARM.Build.0 = Release|Any CPU
		{CCDD12FD-3D79-4A63-A0E8-F2344A28CDFC}.AppStore|ARM.Deploy.0 = Release|Any CPU
		{CCDD12FD-3D79-4A63-A0E8-F2344A28CDFC}.AppStore|iPhone.ActiveCfg = Release|Any CPU
		{CCDD12FD-3D79-4A63-A0E8-F2344A28CDFC}.AppStore|iPhone.Build.0 = Release|Any CPU
		{CCDD12FD-3D79-4A63-A0E8-F2344A28CDFC}.AppStore|iPhone.Deploy.0 = Release|Any CPU
		{CCDD12FD-3D79-4A63-A0E8-F2344A28CDFC}.AppStore|iPhoneSimulator.ActiveCfg = Release|Any CPU
		{CCDD12FD-3D79-4A63-A0E8-F2344A28CDFC}.AppStore|iPhoneSimulator.Build.0 = Release|Any CPU
		{CCDD12FD-3D79-4A63-A0E8-F2344A28CDFC}.AppStore|iPhoneSimulator.Deploy.0 = Release|Any CPU
		{CCDD12FD-3D79-4A63-A0E8-F2344A28CDFC}.AppStore|x64.ActiveCfg = Release|Any CPU
		{CCDD12FD-3D79-4A63-A0E8-F2344A28CDFC}.AppStore|x64.Build.0 = Release|Any CPU
		{CCDD12FD-3D79-4A63-A0E8-F2344A28CDFC}.AppStore|x64.Deploy.0 = Release|Any CPU
		{CCDD12FD-3D79-4A63-A0E8-F2344A28CDFC}.AppStore|x86.ActiveCfg = Release|Any CPU
		{CCDD12FD-3D79-4A63-A0E8-F2344A28CDFC}.AppStore|x86.Build.0 = Release|Any CPU
		{CCDD12FD-3D79-4A63-A0E8-F2344A28CDFC}.AppStore|x86.Deploy.0 = Release|Any CPU
		{CCDD12FD-3D79-4A63-A0E8-F2344A28CDFC}.Debug|Any CPU.ActiveCfg = Debug|Any CPU
		{CCDD12FD-3D79-4A63-A0E8-F2344A28CDFC}.Debug|Any CPU.Build.0 = Debug|Any CPU
		{CCDD12FD-3D79-4A63-A0E8-F2344A28CDFC}.Debug|Any CPU.Deploy.0 = Debug|Any CPU
		{CCDD12FD-3D79-4A63-A0E8-F2344A28CDFC}.Debug|ARM.ActiveCfg = Debug|Any CPU
		{CCDD12FD-3D79-4A63-A0E8-F2344A28CDFC}.Debug|ARM.Build.0 = Debug|Any CPU
		{CCDD12FD-3D79-4A63-A0E8-F2344A28CDFC}.Debug|ARM.Deploy.0 = Debug|Any CPU
		{CCDD12FD-3D79-4A63-A0E8-F2344A28CDFC}.Debug|iPhone.ActiveCfg = Debug|Any CPU
		{CCDD12FD-3D79-4A63-A0E8-F2344A28CDFC}.Debug|iPhone.Build.0 = Debug|Any CPU
		{CCDD12FD-3D79-4A63-A0E8-F2344A28CDFC}.Debug|iPhone.Deploy.0 = Debug|Any CPU
		{CCDD12FD-3D79-4A63-A0E8-F2344A28CDFC}.Debug|iPhoneSimulator.ActiveCfg = Debug|Any CPU
		{CCDD12FD-3D79-4A63-A0E8-F2344A28CDFC}.Debug|iPhoneSimulator.Build.0 = Debug|Any CPU
		{CCDD12FD-3D79-4A63-A0E8-F2344A28CDFC}.Debug|iPhoneSimulator.Deploy.0 = Debug|Any CPU
		{CCDD12FD-3D79-4A63-A0E8-F2344A28CDFC}.Debug|x64.ActiveCfg = Debug|Any CPU
		{CCDD12FD-3D79-4A63-A0E8-F2344A28CDFC}.Debug|x64.Build.0 = Debug|Any CPU
		{CCDD12FD-3D79-4A63-A0E8-F2344A28CDFC}.Debug|x64.Deploy.0 = Debug|Any CPU
		{CCDD12FD-3D79-4A63-A0E8-F2344A28CDFC}.Debug|x86.ActiveCfg = Debug|Any CPU
		{CCDD12FD-3D79-4A63-A0E8-F2344A28CDFC}.Debug|x86.Build.0 = Debug|Any CPU
		{CCDD12FD-3D79-4A63-A0E8-F2344A28CDFC}.Debug|x86.Deploy.0 = Debug|Any CPU
		{CCDD12FD-3D79-4A63-A0E8-F2344A28CDFC}.Release|Any CPU.ActiveCfg = Release|Any CPU
		{CCDD12FD-3D79-4A63-A0E8-F2344A28CDFC}.Release|Any CPU.Build.0 = Release|Any CPU
		{CCDD12FD-3D79-4A63-A0E8-F2344A28CDFC}.Release|Any CPU.Deploy.0 = Release|Any CPU
		{CCDD12FD-3D79-4A63-A0E8-F2344A28CDFC}.Release|ARM.ActiveCfg = Release|Any CPU
		{CCDD12FD-3D79-4A63-A0E8-F2344A28CDFC}.Release|ARM.Build.0 = Release|Any CPU
		{CCDD12FD-3D79-4A63-A0E8-F2344A28CDFC}.Release|ARM.Deploy.0 = Release|Any CPU
		{CCDD12FD-3D79-4A63-A0E8-F2344A28CDFC}.Release|iPhone.ActiveCfg = Release|Any CPU
		{CCDD12FD-3D79-4A63-A0E8-F2344A28CDFC}.Release|iPhone.Build.0 = Release|Any CPU
		{CCDD12FD-3D79-4A63-A0E8-F2344A28CDFC}.Release|iPhone.Deploy.0 = Release|Any CPU
		{CCDD12FD-3D79-4A63-A0E8-F2344A28CDFC}.Release|iPhoneSimulator.ActiveCfg = Release|Any CPU
		{CCDD12FD-3D79-4A63-A0E8-F2344A28CDFC}.Release|iPhoneSimulator.Build.0 = Release|Any CPU
		{CCDD12FD-3D79-4A63-A0E8-F2344A28CDFC}.Release|iPhoneSimulator.Deploy.0 = Release|Any CPU
		{CCDD12FD-3D79-4A63-A0E8-F2344A28CDFC}.Release|x64.ActiveCfg = Release|Any CPU
		{CCDD12FD-3D79-4A63-A0E8-F2344A28CDFC}.Release|x64.Build.0 = Release|Any CPU
		{CCDD12FD-3D79-4A63-A0E8-F2344A28CDFC}.Release|x64.Deploy.0 = Release|Any CPU
		{CCDD12FD-3D79-4A63-A0E8-F2344A28CDFC}.Release|x86.ActiveCfg = Release|Any CPU
		{CCDD12FD-3D79-4A63-A0E8-F2344A28CDFC}.Release|x86.Build.0 = Release|Any CPU
		{CCDD12FD-3D79-4A63-A0E8-F2344A28CDFC}.Release|x86.Deploy.0 = Release|Any CPU
	EndGlobalSection
	GlobalSection(SolutionProperties) = preSolution
		HideSolutionNode = FALSE
	EndGlobalSection
	GlobalSection(ExtensibilityGlobals) = postSolution
		SolutionGuid = {69F6B760-FB6B-4A12-B052-8400702DABB3}
	EndGlobalSection
EndGlobal
